// !$*UTF8*$!
{
	archiveVersion = 1;
	classes = {
	};
	objectVersion = 46;
	objects = {

/* Begin PBXBuildFile section */
		2DF1AD771D314E5C00F269B4 /* main.m in Sources */ = {isa = PBXBuildFile; fileRef = 2DF1AD761D314E5C00F269B4 /* main.m */; };
		2DF1AD7A1D314E5C00F269B4 /* AppDelegate.m in Sources */ = {isa = PBXBuildFile; fileRef = 2DF1AD791D314E5C00F269B4 /* AppDelegate.m */; };
		2DF1AD7D1D314E5C00F269B4 /* ViewController.m in Sources */ = {isa = PBXBuildFile; fileRef = 2DF1AD7C1D314E5C00F269B4 /* ViewController.m */; };
		2DF1AD801D314E5D00F269B4 /* Main.storyboard in Resources */ = {isa = PBXBuildFile; fileRef = 2DF1AD7E1D314E5D00F269B4 /* Main.storyboard */; };
		2DF1AD821D314E5D00F269B4 /* Assets.xcassets in Resources */ = {isa = PBXBuildFile; fileRef = 2DF1AD811D314E5D00F269B4 /* Assets.xcassets */; };
		2DF1AD851D314E5D00F269B4 /* LaunchScreen.storyboard in Resources */ = {isa = PBXBuildFile; fileRef = 2DF1AD831D314E5D00F269B4 /* LaunchScreen.storyboard */; };
		2DF1AD901D314E5D00F269B4 /* HKNewsBannerViewExampleTests.m in Sources */ = {isa = PBXBuildFile; fileRef = 2DF1AD8F1D314E5D00F269B4 /* HKNewsBannerViewExampleTests.m */; };
		2DF1AD9B1D314E5E00F269B4 /* HKNewsBannerViewExampleUITests.m in Sources */ = {isa = PBXBuildFile; fileRef = 2DF1AD9A1D314E5E00F269B4 /* HKNewsBannerViewExampleUITests.m */; };
		2DF1ADAD1D314EE400F269B4 /* HKNewsBannerView.m in Sources */ = {isa = PBXBuildFile; fileRef = 2DF1ADAA1D314EE400F269B4 /* HKNewsBannerView.m */; };
		2DF1ADAE1D314EE400F269B4 /* HKNewsButton.m in Sources */ = {isa = PBXBuildFile; fileRef = 2DF1ADAC1D314EE400F269B4 /* HKNewsButton.m */; };
/* End PBXBuildFile section */

/* Begin PBXContainerItemProxy section */
		2DF1AD8C1D314E5D00F269B4 /* PBXContainerItemProxy */ = {
			isa = PBXContainerItemProxy;
			containerPortal = 2DF1AD6A1D314E5B00F269B4 /* Project object */;
			proxyType = 1;
			remoteGlobalIDString = 2DF1AD711D314E5B00F269B4;
			remoteInfo = HKNewsBannerViewExample;
		};
		2DF1AD971D314E5D00F269B4 /* PBXContainerItemProxy */ = {
			isa = PBXContainerItemProxy;
			containerPortal = 2DF1AD6A1D314E5B00F269B4 /* Project object */;
			proxyType = 1;
			remoteGlobalIDString = 2DF1AD711D314E5B00F269B4;
			remoteInfo = HKNewsBannerViewExample;
		};
/* End PBXContainerItemProxy section */

/* Begin PBXFileReference section */
		2DF1AD721D314E5C00F269B4 /* HKNewsBannerViewExample.app */ = {isa = PBXFileReference; explicitFileType = wrapper.application; includeInIndex = 0; path = HKNewsBannerViewExample.app; sourceTree = BUILT_PRODUCTS_DIR; };
		2DF1AD761D314E5C00F269B4 /* main.m */ = {isa = PBXFileReference; lastKnownFileType = sourcecode.c.objc; path = main.m; sourceTree = "<group>"; };
		2DF1AD781D314E5C00F269B4 /* AppDelegate.h */ = {isa = PBXFileReference; lastKnownFileType = sourcecode.c.h; path = AppDelegate.h; sourceTree = "<group>"; };
		2DF1AD791D314E5C00F269B4 /* AppDelegate.m */ = {isa = PBXFileReference; lastKnownFileType = sourcecode.c.objc; path = AppDelegate.m; sourceTree = "<group>"; };
		2DF1AD7B1D314E5C00F269B4 /* ViewController.h */ = {isa = PBXFileReference; lastKnownFileType = sourcecode.c.h; path = ViewController.h; sourceTree = "<group>"; };
		2DF1AD7C1D314E5C00F269B4 /* ViewController.m */ = {isa = PBXFileReference; lastKnownFileType = sourcecode.c.objc; path = ViewController.m; sourceTree = "<group>"; };
		2DF1AD7F1D314E5D00F269B4 /* Base */ = {isa = PBXFileReference; lastKnownFileType = file.storyboard; name = Base; path = Base.lproj/Main.storyboard; sourceTree = "<group>"; };
		2DF1AD811D314E5D00F269B4 /* Assets.xcassets */ = {isa = PBXFileReference; lastKnownFileType = folder.assetcatalog; path = Assets.xcassets; sourceTree = "<group>"; };
		2DF1AD841D314E5D00F269B4 /* Base */ = {isa = PBXFileReference; lastKnownFileType = file.storyboard; name = Base; path = Base.lproj/LaunchScreen.storyboard; sourceTree = "<group>"; };
		2DF1AD861D314E5D00F269B4 /* Info.plist */ = {isa = PBXFileReference; lastKnownFileType = text.plist.xml; path = Info.plist; sourceTree = "<group>"; };
		2DF1AD8B1D314E5D00F269B4 /* HKNewsBannerViewExampleTests.xctest */ = {isa = PBXFileReference; explicitFileType = wrapper.cfbundle; includeInIndex = 0; path = HKNewsBannerViewExampleTests.xctest; sourceTree = BUILT_PRODUCTS_DIR; };
		2DF1AD8F1D314E5D00F269B4 /* HKNewsBannerViewExampleTests.m */ = {isa = PBXFileReference; lastKnownFileType = sourcecode.c.objc; path = HKNewsBannerViewExampleTests.m; sourceTree = "<group>"; };
		2DF1AD911D314E5D00F269B4 /* Info.plist */ = {isa = PBXFileReference; lastKnownFileType = text.plist.xml; path = Info.plist; sourceTree = "<group>"; };
		2DF1AD961D314E5D00F269B4 /* HKNewsBannerViewExampleUITests.xctest */ = {isa = PBXFileReference; explicitFileType = wrapper.cfbundle; includeInIndex = 0; path = HKNewsBannerViewExampleUITests.xctest; sourceTree = BUILT_PRODUCTS_DIR; };
		2DF1AD9A1D314E5E00F269B4 /* HKNewsBannerViewExampleUITests.m */ = {isa = PBXFileReference; lastKnownFileType = sourcecode.c.objc; path = HKNewsBannerViewExampleUITests.m; sourceTree = "<group>"; };
		2DF1AD9C1D314E5E00F269B4 /* Info.plist */ = {isa = PBXFileReference; lastKnownFileType = text.plist.xml; path = Info.plist; sourceTree = "<group>"; };
		2DF1ADA91D314EE400F269B4 /* HKNewsBannerView.h */ = {isa = PBXFileReference; fileEncoding = 4; lastKnownFileType = sourcecode.c.h; path = HKNewsBannerView.h; sourceTree = "<group>"; };
		2DF1ADAA1D314EE400F269B4 /* HKNewsBannerView.m */ = {isa = PBXFileReference; fileEncoding = 4; lastKnownFileType = sourcecode.c.objc; path = HKNewsBannerView.m; sourceTree = "<group>"; };
		2DF1ADAB1D314EE400F269B4 /* HKNewsButton.h */ = {isa = PBXFileReference; fileEncoding = 4; lastKnownFileType = sourcecode.c.h; path = HKNewsButton.h; sourceTree = "<group>"; };
		2DF1ADAC1D314EE400F269B4 /* HKNewsButton.m */ = {isa = PBXFileReference; fileEncoding = 4; lastKnownFileType = sourcecode.c.objc; path = HKNewsButton.m; sourceTree = "<group>"; };
/* End PBXFileReference section */

/* Begin PBXFrameworksBuildPhase section */
		2DF1AD6F1D314E5B00F269B4 /* Frameworks */ = {
			isa = PBXFrameworksBuildPhase;
			buildActionMask = 2147483647;
			files = (
			);
			runOnlyForDeploymentPostprocessing = 0;
		};
		2DF1AD881D314E5D00F269B4 /* Frameworks */ = {
			isa = PBXFrameworksBuildPhase;
			buildActionMask = 2147483647;
			files = (
			);
			runOnlyForDeploymentPostprocessing = 0;
		};
		2DF1AD931D314E5D00F269B4 /* Frameworks */ = {
			isa = PBXFrameworksBuildPhase;
			buildActionMask = 2147483647;
			files = (
			);
			runOnlyForDeploymentPostprocessing = 0;
		};
/* End PBXFrameworksBuildPhase section */

/* Begin PBXGroup section */
		2DF1AD691D314E5B00F269B4 = {
			isa = PBXGroup;
			children = (
				2DF1AD741D314E5C00F269B4 /* HKNewsBannerViewExample */,
				2DF1AD8E1D314E5D00F269B4 /* HKNewsBannerViewExampleTests */,
				2DF1AD991D314E5E00F269B4 /* HKNewsBannerViewExampleUITests */,
				2DF1AD731D314E5C00F269B4 /* Products */,
			);
			sourceTree = "<group>";
		};
		2DF1AD731D314E5C00F269B4 /* Products */ = {
			isa = PBXGroup;
			children = (
				2DF1AD721D314E5C00F269B4 /* HKNewsBannerViewExample.app */,
				2DF1AD8B1D314E5D00F269B4 /* HKNewsBannerViewExampleTests.xctest */,
				2DF1AD961D314E5D00F269B4 /* HKNewsBannerViewExampleUITests.xctest */,
			);
			name = Products;
			sourceTree = "<group>";
		};
		2DF1AD741D314E5C00F269B4 /* HKNewsBannerViewExample */ = {
			isa = PBXGroup;
			children = (
				2DF1ADA81D314EE400F269B4 /* HKNewsBannerView */,
				2DF1AD781D314E5C00F269B4 /* AppDelegate.h */,
				2DF1AD791D314E5C00F269B4 /* AppDelegate.m */,
				2DF1AD7B1D314E5C00F269B4 /* ViewController.h */,
				2DF1AD7C1D314E5C00F269B4 /* ViewController.m */,
				2DF1AD7E1D314E5D00F269B4 /* Main.storyboard */,
				2DF1AD811D314E5D00F269B4 /* Assets.xcassets */,
				2DF1AD831D314E5D00F269B4 /* LaunchScreen.storyboard */,
				2DF1AD861D314E5D00F269B4 /* Info.plist */,
				2DF1AD751D314E5C00F269B4 /* Supporting Files */,
			);
			path = HKNewsBannerViewExample;
			sourceTree = "<group>";
		};
		2DF1AD751D314E5C00F269B4 /* Supporting Files */ = {
			isa = PBXGroup;
			children = (
				2DF1AD761D314E5C00F269B4 /* main.m */,
			);
			name = "Supporting Files";
			sourceTree = "<group>";
		};
		2DF1AD8E1D314E5D00F269B4 /* HKNewsBannerViewExampleTests */ = {
			isa = PBXGroup;
			children = (
				2DF1AD8F1D314E5D00F269B4 /* HKNewsBannerViewExampleTests.m */,
				2DF1AD911D314E5D00F269B4 /* Info.plist */,
			);
			path = HKNewsBannerViewExampleTests;
			sourceTree = "<group>";
		};
		2DF1AD991D314E5E00F269B4 /* HKNewsBannerViewExampleUITests */ = {
			isa = PBXGroup;
			children = (
				2DF1AD9A1D314E5E00F269B4 /* HKNewsBannerViewExampleUITests.m */,
				2DF1AD9C1D314E5E00F269B4 /* Info.plist */,
			);
			path = HKNewsBannerViewExampleUITests;
			sourceTree = "<group>";
		};
		2DF1ADA81D314EE400F269B4 /* HKNewsBannerView */ = {
			isa = PBXGroup;
			children = (
				2DF1ADA91D314EE400F269B4 /* HKNewsBannerView.h */,
				2DF1ADAA1D314EE400F269B4 /* HKNewsBannerView.m */,
				2DF1ADAB1D314EE400F269B4 /* HKNewsButton.h */,
				2DF1ADAC1D314EE400F269B4 /* HKNewsButton.m */,
			);
			name = HKNewsBannerView;
			path = ../../HKNewsBannerView;
			sourceTree = "<group>";
		};
/* End PBXGroup section */

/* Begin PBXNativeTarget section */
		2DF1AD711D314E5B00F269B4 /* HKNewsBannerViewExample */ = {
			isa = PBXNativeTarget;
			buildConfigurationList = 2DF1AD9F1D314E5E00F269B4 /* Build configuration list for PBXNativeTarget "HKNewsBannerViewExample" */;
			buildPhases = (
				2DF1AD6E1D314E5B00F269B4 /* Sources */,
				2DF1AD6F1D314E5B00F269B4 /* Frameworks */,
				2DF1AD701D314E5B00F269B4 /* Resources */,
			);
			buildRules = (
			);
			dependencies = (
			);
			name = HKNewsBannerViewExample;
			productName = HKNewsBannerViewExample;
			productReference = 2DF1AD721D314E5C00F269B4 /* HKNewsBannerViewExample.app */;
			productType = "com.apple.product-type.application";
		};
		2DF1AD8A1D314E5D00F269B4 /* HKNewsBannerViewExampleTests */ = {
			isa = PBXNativeTarget;
			buildConfigurationList = 2DF1ADA21D314E5E00F269B4 /* Build configuration list for PBXNativeTarget "HKNewsBannerViewExampleTests" */;
			buildPhases = (
				2DF1AD871D314E5D00F269B4 /* Sources */,
				2DF1AD881D314E5D00F269B4 /* Frameworks */,
				2DF1AD891D314E5D00F269B4 /* Resources */,
			);
			buildRules = (
			);
			dependencies = (
				2DF1AD8D1D314E5D00F269B4 /* PBXTargetDependency */,
			);
			name = HKNewsBannerViewExampleTests;
			productName = HKNewsBannerViewExampleTests;
			productReference = 2DF1AD8B1D314E5D00F269B4 /* HKNewsBannerViewExampleTests.xctest */;
			productType = "com.apple.product-type.bundle.unit-test";
		};
		2DF1AD951D314E5D00F269B4 /* HKNewsBannerViewExampleUITests */ = {
			isa = PBXNativeTarget;
			buildConfigurationList = 2DF1ADA51D314E5E00F269B4 /* Build configuration list for PBXNativeTarget "HKNewsBannerViewExampleUITests" */;
			buildPhases = (
				2DF1AD921D314E5D00F269B4 /* Sources */,
				2DF1AD931D314E5D00F269B4 /* Frameworks */,
				2DF1AD941D314E5D00F269B4 /* Resources */,
			);
			buildRules = (
			);
			dependencies = (
				2DF1AD981D314E5D00F269B4 /* PBXTargetDependency */,
			);
			name = HKNewsBannerViewExampleUITests;
			productName = HKNewsBannerViewExampleUITests;
			productReference = 2DF1AD961D314E5D00F269B4 /* HKNewsBannerViewExampleUITests.xctest */;
			productType = "com.apple.product-type.bundle.ui-testing";
		};
/* End PBXNativeTarget section */

/* Begin PBXProject section */
		2DF1AD6A1D314E5B00F269B4 /* Project object */ = {
			isa = PBXProject;
			attributes = {
				LastUpgradeCheck = 0730;
				ORGANIZATIONNAME = hukai;
				TargetAttributes = {
					2DF1AD711D314E5B00F269B4 = {
						CreatedOnToolsVersion = 7.3.1;
					};
					2DF1AD8A1D314E5D00F269B4 = {
						CreatedOnToolsVersion = 7.3.1;
						TestTargetID = 2DF1AD711D314E5B00F269B4;
					};
					2DF1AD951D314E5D00F269B4 = {
						CreatedOnToolsVersion = 7.3.1;
						TestTargetID = 2DF1AD711D314E5B00F269B4;
					};
				};
			};
			buildConfigurationList = 2DF1AD6D1D314E5B00F269B4 /* Build configuration list for PBXProject "HKNewsBannerViewExample" */;
			compatibilityVersion = "Xcode 3.2";
			developmentRegion = English;
			hasScannedForEncodings = 0;
			knownRegions = (
				en,
				Base,
			);
			mainGroup = 2DF1AD691D314E5B00F269B4;
			productRefGroup = 2DF1AD731D314E5C00F269B4 /* Products */;
			projectDirPath = "";
			projectRoot = "";
			targets = (
				2DF1AD711D314E5B00F269B4 /* HKNewsBannerViewExample */,
				2DF1AD8A1D314E5D00F269B4 /* HKNewsBannerViewExampleTests */,
				2DF1AD951D314E5D00F269B4 /* HKNewsBannerViewExampleUITests */,
			);
		};
/* End PBXProject section */

/* Begin PBXResourcesBuildPhase section */
		2DF1AD701D314E5B00F269B4 /* Resources */ = {
			isa = PBXResourcesBuildPhase;
			buildActionMask = 2147483647;
			files = (
				2DF1AD851D314E5D00F269B4 /* LaunchScreen.storyboard in Resources */,
				2DF1AD821D314E5D00F269B4 /* Assets.xcassets in Resources */,
				2DF1AD801D314E5D00F269B4 /* Main.storyboard in Resources */,
			);
			runOnlyForDeploymentPostprocessing = 0;
		};
		2DF1AD891D314E5D00F269B4 /* Resources */ = {
			isa = PBXResourcesBuildPhase;
			buildActionMask = 2147483647;
			files = (
			);
			runOnlyForDeploymentPostprocessing = 0;
		};
		2DF1AD941D314E5D00F269B4 /* Resources */ = {
			isa = PBXResourcesBuildPhase;
			buildActionMask = 2147483647;
			files = (
			);
			runOnlyForDeploymentPostprocessing = 0;
		};
/* End PBXResourcesBuildPhase section */

/* Begin PBXSourcesBuildPhase section */
		2DF1AD6E1D314E5B00F269B4 /* Sources */ = {
			isa = PBXSourcesBuildPhase;
			buildActionMask = 2147483647;
			files = (
				2DF1AD7D1D314E5C00F269B4 /* ViewController.m in Sources */,
				2DF1AD7A1D314E5C00F269B4 /* AppDelegate.m in Sources */,
				2DF1ADAD1D314EE400F269B4 /* HKNewsBannerView.m in Sources */,
				2DF1AD771D314E5C00F269B4 /* main.m in Sources */,
				2DF1ADAE1D314EE400F269B4 /* HKNewsButton.m in Sources */,
			);
			runOnlyForDeploymentPostprocessing = 0;
		};
		2DF1AD871D314E5D00F269B4 /* Sources */ = {
			isa = PBXSourcesBuildPhase;
			buildActionMask = 2147483647;
			files = (
				2DF1AD901D314E5D00F269B4 /* HKNewsBannerViewExampleTests.m in Sources */,
			);
			runOnlyForDeploymentPostprocessing = 0;
		};
		2DF1AD921D314E5D00F269B4 /* Sources */ = {
			isa = PBXSourcesBuildPhase;
			buildActionMask = 2147483647;
			files = (
				2DF1AD9B1D314E5E00F269B4 /* HKNewsBannerViewExampleUITests.m in Sources */,
			);
			runOnlyForDeploymentPostprocessing = 0;
		};
/* End PBXSourcesBuildPhase section */

/* Begin PBXTargetDependency section */
		2DF1AD8D1D314E5D00F269B4 /* PBXTargetDependency */ = {
			isa = PBXTargetDependency;
			target = 2DF1AD711D314E5B00F269B4 /* HKNewsBannerViewExample */;
			targetProxy = 2DF1AD8C1D314E5D00F269B4 /* PBXContainerItemProxy */;
		};
		2DF1AD981D314E5D00F269B4 /* PBXTargetDependency */ = {
			isa = PBXTargetDependency;
			target = 2DF1AD711D314E5B00F269B4 /* HKNewsBannerViewExample */;
			targetProxy = 2DF1AD971D314E5D00F269B4 /* PBXContainerItemProxy */;
		};
/* End PBXTargetDependency section */

/* Begin PBXVariantGroup section */
		2DF1AD7E1D314E5D00F269B4 /* Main.storyboard */ = {
			isa = PBXVariantGroup;
			children = (
				2DF1AD7F1D314E5D00F269B4 /* Base */,
			);
			name = Main.storyboard;
			sourceTree = "<group>";
		};
		2DF1AD831D314E5D00F269B4 /* LaunchScreen.storyboard */ = {
			isa = PBXVariantGroup;
			children = (
				2DF1AD841D314E5D00F269B4 /* Base */,
			);
			name = LaunchScreen.storyboard;
			sourceTree = "<group>";
		};
/* End PBXVariantGroup section */

/* Begin XCBuildConfiguration section */
		2DF1AD9D1D314E5E00F269B4 /* Debug */ = {
			isa = XCBuildConfiguration;
			buildSettings = {
				ALWAYS_SEARCH_USER_PATHS = NO;
				CLANG_ANALYZER_NONNULL = YES;
				CLANG_CXX_LANGUAGE_STANDARD = "gnu++0x";
				CLANG_CXX_LIBRARY = "libc++";
				CLANG_ENABLE_MODULES = YES;
				CLANG_ENABLE_OBJC_ARC = YES;
				CLANG_WARN_BOOL_CONVERSION = YES;
				CLANG_WARN_CONSTANT_CONVERSION = YES;
				CLANG_WARN_DIRECT_OBJC_ISA_USAGE = YES_ERROR;
				CLANG_WARN_EMPTY_BODY = YES;
				CLANG_WARN_ENUM_CONVERSION = YES;
				CLANG_WARN_INT_CONVERSION = YES;
				CLANG_WARN_OBJC_ROOT_CLASS = YES_ERROR;
				CLANG_WARN_UNREACHABLE_CODE = YES;
				CLANG_WARN__DUPLICATE_METHOD_MATCH = YES;
				"CODE_SIGN_IDENTITY[sdk=iphoneos*]" = "iPhone Developer";
				COPY_PHASE_STRIP = NO;
				DEBUG_INFORMATION_FORMAT = dwarf;
				ENABLE_STRICT_OBJC_MSGSEND = YES;
				ENABLE_TESTABILITY = YES;
				GCC_C_LANGUAGE_STANDARD = gnu99;
				GCC_DYNAMIC_NO_PIC = NO;
				GCC_NO_COMMON_BLOCKS = YES;
				GCC_OPTIMIZATION_LEVEL = 0;
				GCC_PREPROCESSOR_DEFINITIONS = (
					"DEBUG=1",
					"$(inherited)",
				);
				GCC_WARN_64_TO_32_BIT_CONVERSION = YES;
				GCC_WARN_ABOUT_RETURN_TYPE = YES_ERROR;
				GCC_WARN_UNDECLARED_SELECTOR = YES;
				GCC_WARN_UNINITIALIZED_AUTOS = YES_AGGRESSIVE;
				GCC_WARN_UNUSED_FUNCTION = YES;
				GCC_WARN_UNUSED_VARIABLE = YES;
				IPHONEOS_DEPLOYMENT_TARGET = 9.3;
				MTL_ENABLE_DEBUG_INFO = YES;
				ONLY_ACTIVE_ARCH = YES;
				SDKROOT = iphoneos;
			};
			name = Debug;
		};
		2DF1AD9E1D314E5E00F269B4 /* Release */ = {
			isa = XCBuildConfiguration;
			buildSettings = {
				ALWAYS_SEARCH_USER_PATHS = NO;
				CLANG_ANALYZER_NONNULL = YES;
				CLANG_CXX_LANGUAGE_STANDARD = "gnu++0x";
				CLANG_CXX_LIBRARY = "libc++";
				CLANG_ENABLE_MODULES = YES;
				CLANG_ENABLE_OBJC_ARC = YES;
				CLANG_WARN_BOOL_CONVERSION = YES;
				CLANG_WARN_CONSTANT_CONVERSION = YES;
				CLANG_WARN_DIRECT_OBJC_ISA_USAGE = YES_ERROR;
				CLANG_WARN_EMPTY_BODY = YES;
				CLANG_WARN_ENUM_CONVERSION = YES;
				CLANG_WARN_INT_CONVERSION = YES;
				CLANG_WARN_OBJC_ROOT_CLASS = YES_ERROR;
				CLANG_WARN_UNREACHABLE_CODE = YES;
				CLANG_WARN__DUPLICATE_METHOD_MATCH = YES;
				"CODE_SIGN_IDENTITY[sdk=iphoneos*]" = "iPhone Developer";
				COPY_PHASE_STRIP = NO;
				DEBUG_INFORMATION_FORMAT = "dwarf-with-dsym";
				ENABLE_NS_ASSERTIONS = NO;
				ENABLE_STRICT_OBJC_MSGSEND = YES;
				GCC_C_LANGUAGE_STANDARD = gnu99;
				GCC_NO_COMMON_BLOCKS = YES;
				GCC_WARN_64_TO_32_BIT_CONVERSION = YES;
				GCC_WARN_ABOUT_RETURN_TYPE = YES_ERROR;
				GCC_WARN_UNDECLARED_SELECTOR = YES;
				GCC_WARN_UNINITIALIZED_AUTOS = YES_AGGRESSIVE;
				GCC_WARN_UNUSED_FUNCTION = YES;
				GCC_WARN_UNUSED_VARIABLE = YES;
				IPHONEOS_DEPLOYMENT_TARGET = 9.3;
				MTL_ENABLE_DEBUG_INFO = NO;
				SDKROOT = iphoneos;
				VALIDATE_PRODUCT = YES;
			};
			name = Release;
		};
		2DF1ADA01D314E5E00F269B4 /* Debug */ = {
			isa = XCBuildConfiguration;
			buildSettings = {
				ASSETCATALOG_COMPILER_APPICON_NAME = AppIcon;
				INFOPLIST_FILE = HKNewsBannerViewExample/Info.plist;
				LD_RUNPATH_SEARCH_PATHS = "$(inherited) @executable_path/Frameworks";
				PRODUCT_BUNDLE_IDENTIFIER = www.shopnum1.HKNewsBannerViewExample;
				PRODUCT_NAME = "$(TARGET_NAME)";
			};
			name = Debug;
		};
		2DF1ADA11D314E5E00F269B4 /* Release */ = {
			isa = XCBuildConfiguration;
			buildSettings = {
				ASSETCATALOG_COMPILER_APPICON_NAME = AppIcon;
				INFOPLIST_FILE = HKNewsBannerViewExample/Info.plist;
				LD_RUNPATH_SEARCH_PATHS = "$(inherited) @executable_path/Frameworks";
				PRODUCT_BUNDLE_IDENTIFIER = www.shopnum1.HKNewsBannerViewExample;
				PRODUCT_NAME = "$(TARGET_NAME)";
			};
			name = Release;
		};
		2DF1ADA31D314E5E00F269B4 /* Debug */ = {
			isa = XCBuildConfiguration;
			buildSettings = {
				BUNDLE_LOADER = "$(TEST_HOST)";
				INFOPLIST_FILE = HKNewsBannerViewExampleTests/Info.plist;
				LD_RUNPATH_SEARCH_PATHS = "$(inherited) @executable_path/Frameworks @loader_path/Frameworks";
				PRODUCT_BUNDLE_IDENTIFIER = www.shopnum1.HKNewsBannerViewExampleTests;
				PRODUCT_NAME = "$(TARGET_NAME)";
				TEST_HOST = "$(BUILT_PRODUCTS_DIR)/HKNewsBannerViewExample.app/HKNewsBannerViewExample";
			};
			name = Debug;
		};
		2DF1ADA41D314E5E00F269B4 /* Release */ = {
			isa = XCBuildConfiguration;
			buildSettings = {
				BUNDLE_LOADER = "$(TEST_HOST)";
				INFOPLIST_FILE = HKNewsBannerViewExampleTests/Info.plist;
				LD_RUNPATH_SEARCH_PATHS = "$(inherited) @executable_path/Frameworks @loader_path/Frameworks";
				PRODUCT_BUNDLE_IDENTIFIER = www.shopnum1.HKNewsBannerViewExampleTests;
				PRODUCT_NAME = "$(TARGET_NAME)";
				TEST_HOST = "$(BUILT_PRODUCTS_DIR)/HKNewsBannerViewExample.app/HKNewsBannerViewExample";
			};
			name = Release;
		};
		2DF1ADA61D314E5E00F269B4 /* Debug */ = {
			isa = XCBuildConfiguration;
			buildSettings = {
				INFOPLIST_FILE = HKNewsBannerViewExampleUITests/Info.plist;
				LD_RUNPATH_SEARCH_PATHS = "$(inherited) @executable_path/Frameworks @loader_path/Frameworks";
				PRODUCT_BUNDLE_IDENTIFIER = www.shopnum1.HKNewsBannerViewExampleUITests;
				PRODUCT_NAME = "$(TARGET_NAME)";
				TEST_TARGET_NAME = HKNewsBannerViewExample;
			};
			name = Debug;
		};
		2DF1ADA71D314E5E00F269B4 /* Release */ = {
			isa = XCBuildConfiguration;
			buildSettings = {
				INFOPLIST_FILE = HKNewsBannerViewExampleUITests/Info.plist;
				LD_RUNPATH_SEARCH_PATHS = "$(inherited) @executable_path/Frameworks @loader_path/Frameworks";
				PRODUCT_BUNDLE_IDENTIFIER = www.shopnum1.HKNewsBannerViewExampleUITests;
				PRODUCT_NAME = "$(TARGET_NAME)";
				TEST_TARGET_NAME = HKNewsBannerViewExample;
			};
			name = Release;
		};
/* End XCBuildConfiguration section */

/* Begin XCConfigurationList section */
		2DF1AD6D1D314E5B00F269B4 /* Build configuration list for PBXProject "HKNewsBannerViewExample" */ = {
			isa = XCConfigurationList;
			buildConfigurations = (
				2DF1AD9D1D314E5E00F269B4 /* Debug */,
				2DF1AD9E1D314E5E00F269B4 /* Release */,
			);
			defaultConfigurationIsVisible = 0;
			defaultConfigurationName = Release;
		};
		2DF1AD9F1D314E5E00F269B4 /* Build configuration list for PBXNativeTarget "HKNewsBannerViewExample" */ = {
			isa = XCConfigurationList;
			buildConfigurations = (
				2DF1ADA01D314E5E00F269B4 /* Debug */,
				2DF1ADA11D314E5E00F269B4 /* Release */,
			);
			defaultConfigurationIsVisible = 0;
		};
		2DF1ADA21D314E5E00F269B4 /* Build configuration list for PBXNativeTarget "HKNewsBannerViewExampleTests" */ = {
			isa = XCConfigurationList;
			buildConfigurations = (
				2DF1ADA31D314E5E00F269B4 /* Debug */,
				2DF1ADA41D314E5E00F269B4 /* Release */,
			);
			defaultConfigurationIsVisible = 0;
		};
		2DF1ADA51D314E5E00F269B4 /* Build configuration list for PBXNativeTarget "HKNewsBannerViewExampleUITests" */ = {
			isa = XCConfigurationList;
			buildConfigurations = (
				2DF1ADA61D314E5E00F269B4 /* Debug */,
				2DF1ADA71D314E5E00F269B4 /* Release */,
			);
			defaultConfigurationIsVisible = 0;
		};
/* End XCConfigurationList section */
	};
	rootObject = 2DF1AD6A1D314E5B00F269B4 /* Project object */;
}
